// !$*UTF8*$!
{
	archiveVersion = 1;
	classes = {
	};
	objectVersion = 55;
	objects = {

/* Begin PBXBuildFile section */
		4E2F401A2818168000701868 /* Twitter_CloneApp.swift in Sources */ = {isa = PBXBuildFile; fileRef = 4E2F40192818168000701868 /* Twitter_CloneApp.swift */; };
		4E2F401C2818168000701868 /* ContentView.swift in Sources */ = {isa = PBXBuildFile; fileRef = 4E2F401B2818168000701868 /* ContentView.swift */; };
		4E2F401E2818168200701868 /* Assets.xcassets in Resources */ = {isa = PBXBuildFile; fileRef = 4E2F401D2818168200701868 /* Assets.xcassets */; };
		4E2F40212818168200701868 /* Preview Assets.xcassets in Resources */ = {isa = PBXBuildFile; fileRef = 4E2F40202818168200701868 /* Preview Assets.xcassets */; };
		4E2F402B28181B8600701868 /* FeedView.swift in Sources */ = {isa = PBXBuildFile; fileRef = 4E2F402A28181B8600701868 /* FeedView.swift */; };
		4E2F402D28181F1800701868 /* TweetCell.swift in Sources */ = {isa = PBXBuildFile; fileRef = 4E2F402C28181F1800701868 /* TweetCell.swift */; };
		4EBF390A281FB56500BA0864 /* SearchView.swift in Sources */ = {isa = PBXBuildFile; fileRef = 4EBF3909281FB56500BA0864 /* SearchView.swift */; };
		4EBF390D281FB5F600BA0864 /* SearchBar.swift in Sources */ = {isa = PBXBuildFile; fileRef = 4EBF390C281FB5F600BA0864 /* SearchBar.swift */; };
		4EBF390F281FB8C800BA0864 /* UserCell.swift in Sources */ = {isa = PBXBuildFile; fileRef = 4EBF390E281FB8C800BA0864 /* UserCell.swift */; };
		4EBF3914281FC4EB00BA0864 /* ConversationsView.swift in Sources */ = {isa = PBXBuildFile; fileRef = 4EBF3913281FC4EA00BA0864 /* ConversationsView.swift */; };
		4EBF3916281FC4FC00BA0864 /* ConversationCell.swift in Sources */ = {isa = PBXBuildFile; fileRef = 4EBF3915281FC4FC00BA0864 /* ConversationCell.swift */; };
		4EBF3918281FCE1F00BA0864 /* MessageInputView.swift in Sources */ = {isa = PBXBuildFile; fileRef = 4EBF3917281FCE1F00BA0864 /* MessageInputView.swift */; };
		4EBF391A281FCEDE00BA0864 /* ChatView.swift in Sources */ = {isa = PBXBuildFile; fileRef = 4EBF3919281FCEDE00BA0864 /* ChatView.swift */; };
		4EBF391C281FE64E00BA0864 /* ChatBubble.swift in Sources */ = {isa = PBXBuildFile; fileRef = 4EBF391B281FE64E00BA0864 /* ChatBubble.swift */; };
		4EBF391E281FE9DE00BA0864 /* Message.swift in Sources */ = {isa = PBXBuildFile; fileRef = 4EBF391D281FE9DE00BA0864 /* Message.swift */; };
		4EBF3920281FEDB700BA0864 /* MessageView.swift in Sources */ = {isa = PBXBuildFile; fileRef = 4EBF391F281FEDB700BA0864 /* MessageView.swift */; };
		4EBF3922281FEF5D00BA0864 /* NewMessageView.swift in Sources */ = {isa = PBXBuildFile; fileRef = 4EBF3921281FEF5D00BA0864 /* NewMessageView.swift */; };
/* End PBXBuildFile section */

/* Begin PBXFileReference section */
		4E2F40162818168000701868 /* Twitter Clone.app */ = {isa = PBXFileReference; explicitFileType = wrapper.application; includeInIndex = 0; path = "Twitter Clone.app"; sourceTree = BUILT_PRODUCTS_DIR; };
		4E2F40192818168000701868 /* Twitter_CloneApp.swift */ = {isa = PBXFileReference; lastKnownFileType = sourcecode.swift; path = Twitter_CloneApp.swift; sourceTree = "<group>"; };
		4E2F401B2818168000701868 /* ContentView.swift */ = {isa = PBXFileReference; lastKnownFileType = sourcecode.swift; path = ContentView.swift; sourceTree = "<group>"; };
		4E2F401D2818168200701868 /* Assets.xcassets */ = {isa = PBXFileReference; lastKnownFileType = folder.assetcatalog; path = Assets.xcassets; sourceTree = "<group>"; };
		4E2F40202818168200701868 /* Preview Assets.xcassets */ = {isa = PBXFileReference; lastKnownFileType = folder.assetcatalog; path = "Preview Assets.xcassets"; sourceTree = "<group>"; };
		4E2F402A28181B8600701868 /* FeedView.swift */ = {isa = PBXFileReference; lastKnownFileType = sourcecode.swift; path = FeedView.swift; sourceTree = "<group>"; };
		4E2F402C28181F1800701868 /* TweetCell.swift */ = {isa = PBXFileReference; lastKnownFileType = sourcecode.swift; path = TweetCell.swift; sourceTree = "<group>"; };
		4EBF3909281FB56500BA0864 /* SearchView.swift */ = {isa = PBXFileReference; lastKnownFileType = sourcecode.swift; path = SearchView.swift; sourceTree = "<group>"; };
		4EBF390C281FB5F600BA0864 /* SearchBar.swift */ = {isa = PBXFileReference; lastKnownFileType = sourcecode.swift; path = SearchBar.swift; sourceTree = "<group>"; };
		4EBF390E281FB8C800BA0864 /* UserCell.swift */ = {isa = PBXFileReference; lastKnownFileType = sourcecode.swift; path = UserCell.swift; sourceTree = "<group>"; };
		4EBF3913281FC4EA00BA0864 /* ConversationsView.swift */ = {isa = PBXFileReference; lastKnownFileType = sourcecode.swift; path = ConversationsView.swift; sourceTree = "<group>"; };
		4EBF3915281FC4FC00BA0864 /* ConversationCell.swift */ = {isa = PBXFileReference; lastKnownFileType = sourcecode.swift; path = ConversationCell.swift; sourceTree = "<group>"; };
		4EBF3917281FCE1F00BA0864 /* MessageInputView.swift */ = {isa = PBXFileReference; lastKnownFileType = sourcecode.swift; path = MessageInputView.swift; sourceTree = "<group>"; };
		4EBF3919281FCEDE00BA0864 /* ChatView.swift */ = {isa = PBXFileReference; lastKnownFileType = sourcecode.swift; path = ChatView.swift; sourceTree = "<group>"; };
		4EBF391B281FE64E00BA0864 /* ChatBubble.swift */ = {isa = PBXFileReference; lastKnownFileType = sourcecode.swift; path = ChatBubble.swift; sourceTree = "<group>"; };
		4EBF391D281FE9DE00BA0864 /* Message.swift */ = {isa = PBXFileReference; lastKnownFileType = sourcecode.swift; path = Message.swift; sourceTree = "<group>"; };
		4EBF391F281FEDB700BA0864 /* MessageView.swift */ = {isa = PBXFileReference; lastKnownFileType = sourcecode.swift; path = MessageView.swift; sourceTree = "<group>"; };
		4EBF3921281FEF5D00BA0864 /* NewMessageView.swift */ = {isa = PBXFileReference; lastKnownFileType = sourcecode.swift; path = NewMessageView.swift; sourceTree = "<group>"; };
/* End PBXFileReference section */

/* Begin PBXFrameworksBuildPhase section */
		4E2F40132818168000701868 /* Frameworks */ = {
			isa = PBXFrameworksBuildPhase;
			buildActionMask = 2147483647;
			files = (
			);
			runOnlyForDeploymentPostprocessing = 0;
		};
/* End PBXFrameworksBuildPhase section */

/* Begin PBXGroup section */
		4E2F400D2818168000701868 = {
			isa = PBXGroup;
			children = (
				4E2F40182818168000701868 /* Twitter Clone */,
				4E2F40172818168000701868 /* Products */,
			);
			sourceTree = "<group>";
		};
		4E2F40172818168000701868 /* Products */ = {
			isa = PBXGroup;
			children = (
				4E2F40162818168000701868 /* Twitter Clone.app */,
			);
			name = Products;
			sourceTree = "<group>";
		};
		4E2F40182818168000701868 /* Twitter Clone */ = {
			isa = PBXGroup;
			children = (
				4E2F4028281816B500701868 /* Model */,
				4EBF3910281FBBEF00BA0864 /* ViewModel */,
				4E2F4029281816BB00701868 /* View */,
				4E2F40192818168000701868 /* Twitter_CloneApp.swift */,
				4EBF3911281FBBF700BA0864 /* Resources */,
				4E2F401F2818168200701868 /* Preview Content */,
			);
			path = "Twitter Clone";
			sourceTree = "<group>";
		};
		4E2F401F2818168200701868 /* Preview Content */ = {
			isa = PBXGroup;
			children = (
				4E2F40202818168200701868 /* Preview Assets.xcassets */,
			);
			path = "Preview Content";
			sourceTree = "<group>";
		};
		4E2F4028281816B500701868 /* Model */ = {
			isa = PBXGroup;
			children = (
				4EBF391D281FE9DE00BA0864 /* Message.swift */,
			);
			path = Model;
			sourceTree = "<group>";
		};
		4E2F4029281816BB00701868 /* View */ = {
			isa = PBXGroup;
			children = (
				4E2F401B2818168000701868 /* ContentView.swift */,
				4EBF3907281FB39B00BA0864 /* Feed */,
				4EBF3908281FB54500BA0864 /* Search */,
				4EBF3912281FC4DC00BA0864 /* Messages */,
			);
			path = View;
			sourceTree = "<group>";
		};
		4EBF3907281FB39B00BA0864 /* Feed */ = {
			isa = PBXGroup;
			children = (
				4E2F402C28181F1800701868 /* TweetCell.swift */,
				4E2F402A28181B8600701868 /* FeedView.swift */,
			);
			path = Feed;
			sourceTree = "<group>";
		};
		4EBF3908281FB54500BA0864 /* Search */ = {
			isa = PBXGroup;
			children = (
				4EBF390B281FB5EA00BA0864 /* Views */,
				4EBF3909281FB56500BA0864 /* SearchView.swift */,
			);
			path = Search;
			sourceTree = "<group>";
		};
		4EBF390B281FB5EA00BA0864 /* Views */ = {
			isa = PBXGroup;
			children = (
				4EBF390C281FB5F600BA0864 /* SearchBar.swift */,
				4EBF390E281FB8C800BA0864 /* UserCell.swift */,
			);
			path = Views;
			sourceTree = "<group>";
		};
		4EBF3910281FBBEF00BA0864 /* ViewModel */ = {
			isa = PBXGroup;
			children = (
			);
			path = ViewModel;
			sourceTree = "<group>";
		};
		4EBF3911281FBBF700BA0864 /* Resources */ = {
			isa = PBXGroup;
			children = (
				4E2F401D2818168200701868 /* Assets.xcassets */,
			);
			path = Resources;
			sourceTree = "<group>";
		};
		4EBF3912281FC4DC00BA0864 /* Messages */ = {
			isa = PBXGroup;
			children = (
				4EBF3913281FC4EA00BA0864 /* ConversationsView.swift */,
				4EBF3915281FC4FC00BA0864 /* ConversationCell.swift */,
				4EBF3917281FCE1F00BA0864 /* MessageInputView.swift */,
				4EBF3919281FCEDE00BA0864 /* ChatView.swift */,
				4EBF391B281FE64E00BA0864 /* ChatBubble.swift */,
				4EBF391F281FEDB700BA0864 /* MessageView.swift */,
				4EBF3921281FEF5D00BA0864 /* NewMessageView.swift */,
			);
			path = Messages;
			sourceTree = "<group>";
		};
/* End PBXGroup section */

/* Begin PBXNativeTarget section */
		4E2F40152818168000701868 /* Twitter Clone */ = {
			isa = PBXNativeTarget;
			buildConfigurationList = 4E2F40242818168200701868 /* Build configuration list for PBXNativeTarget "Twitter Clone" */;
			buildPhases = (
				4E2F40122818168000701868 /* Sources */,
				4E2F40132818168000701868 /* Frameworks */,
				4E2F40142818168000701868 /* Resources */,
			);
			buildRules = (
			);
			dependencies = (
			);
			name = "Twitter Clone";
			productName = "Twitter Clone";
			productReference = 4E2F40162818168000701868 /* Twitter Clone.app */;
			productType = "com.apple.product-type.application";
		};
/* End PBXNativeTarget section */

/* Begin PBXProject section */
		4E2F400E2818168000701868 /* Project object */ = {
			isa = PBXProject;
			attributes = {
				BuildIndependentTargetsInParallel = 1;
				LastSwiftUpdateCheck = 1330;
				LastUpgradeCheck = 1330;
				TargetAttributes = {
					4E2F40152818168000701868 = {
						CreatedOnToolsVersion = 13.3.1;
					};
				};
			};
			buildConfigurationList = 4E2F40112818168000701868 /* Build configuration list for PBXProject "Twitter Clone" */;
			compatibilityVersion = "Xcode 13.0";
			developmentRegion = en;
			hasScannedForEncodings = 0;
			knownRegions = (
				en,
				Base,
			);
			mainGroup = 4E2F400D2818168000701868;
			productRefGroup = 4E2F40172818168000701868 /* Products */;
			projectDirPath = "";
			projectRoot = "";
			targets = (
				4E2F40152818168000701868 /* Twitter Clone */,
			);
		};
/* End PBXProject section */

/* Begin PBXResourcesBuildPhase section */
		4E2F40142818168000701868 /* Resources */ = {
			isa = PBXResourcesBuildPhase;
			buildActionMask = 2147483647;
			files = (
				4E2F40212818168200701868 /* Preview Assets.xcassets in Resources */,
				4E2F401E2818168200701868 /* Assets.xcassets in Resources */,
			);
			runOnlyForDeploymentPostprocessing = 0;
		};
/* End PBXResourcesBuildPhase section */

/* Begin PBXSourcesBuildPhase section */
		4E2F40122818168000701868 /* Sources */ = {
			isa = PBXSourcesBuildPhase;
			buildActionMask = 2147483647;
			files = (
				4EBF390A281FB56500BA0864 /* SearchView.swift in Sources */,
				4EBF3918281FCE1F00BA0864 /* MessageInputView.swift in Sources */,
				4E2F401C2818168000701868 /* ContentView.swift in Sources */,
				4E2F402B28181B8600701868 /* FeedView.swift in Sources */,
				4EBF391A281FCEDE00BA0864 /* ChatView.swift in Sources */,
				4EBF3914281FC4EB00BA0864 /* ConversationsView.swift in Sources */,
				4E2F401A2818168000701868 /* Twitter_CloneApp.swift in Sources */,
				4EBF391C281FE64E00BA0864 /* ChatBubble.swift in Sources */,
				4E2F402D28181F1800701868 /* TweetCell.swift in Sources */,
				4EBF3922281FEF5D00BA0864 /* NewMessageView.swift in Sources */,
				4EBF391E281FE9DE00BA0864 /* Message.swift in Sources */,
				4EBF390D281FB5F600BA0864 /* SearchBar.swift in Sources */,
				4EBF390F281FB8C800BA0864 /* UserCell.swift in Sources */,
				4EBF3920281FEDB700BA0864 /* MessageView.swift in Sources */,
				4EBF3916281FC4FC00BA0864 /* ConversationCell.swift in Sources */,
			);
			runOnlyForDeploymentPostprocessing = 0;
		};
/* End PBXSourcesBuildPhase section */

/* Begin XCBuildConfiguration section */
		4E2F40222818168200701868 /* Debug */ = {
			isa = XCBuildConfiguration;
			buildSettings = {
				ALWAYS_SEARCH_USER_PATHS = NO;
				CLANG_ANALYZER_NONNULL = YES;
				CLANG_ANALYZER_NUMBER_OBJECT_CONVERSION = YES_AGGRESSIVE;
				CLANG_CXX_LANGUAGE_STANDARD = "gnu++17";
				CLANG_ENABLE_MODULES = YES;
				CLANG_ENABLE_OBJC_ARC = YES;
				CLANG_ENABLE_OBJC_WEAK = YES;
				CLANG_WARN_BLOCK_CAPTURE_AUTORELEASING = YES;
				CLANG_WARN_BOOL_CONVERSION = YES;
				CLANG_WARN_COMMA = YES;
				CLANG_WARN_CONSTANT_CONVERSION = YES;
				CLANG_WARN_DEPRECATED_OBJC_IMPLEMENTATIONS = YES;
				CLANG_WARN_DIRECT_OBJC_ISA_USAGE = YES_ERROR;
				CLANG_WARN_DOCUMENTATION_COMMENTS = YES;
				CLANG_WARN_EMPTY_BODY = YES;
				CLANG_WARN_ENUM_CONVERSION = YES;
				CLANG_WARN_INFINITE_RECURSION = YES;
				CLANG_WARN_INT_CONVERSION = YES;
				CLANG_WARN_NON_LITERAL_NULL_CONVERSION = YES;
				CLANG_WARN_OBJC_IMPLICIT_RETAIN_SELF = YES;
				CLANG_WARN_OBJC_LITERAL_CONVERSION = YES;
				CLANG_WARN_OBJC_ROOT_CLASS = YES_ERROR;
				CLANG_WARN_QUOTED_INCLUDE_IN_FRAMEWORK_HEADER = YES;
				CLANG_WARN_RANGE_LOOP_ANALYSIS = YES;
				CLANG_WARN_STRICT_PROTOTYPES = YES;
				CLANG_WARN_SUSPICIOUS_MOVE = YES;
				CLANG_WARN_UNGUARDED_AVAILABILITY = YES_AGGRESSIVE;
				CLANG_WARN_UNREACHABLE_CODE = YES;
				CLANG_WARN__DUPLICATE_METHOD_MATCH = YES;
				COPY_PHASE_STRIP = NO;
				DEBUG_INFORMATION_FORMAT = dwarf;
				ENABLE_STRICT_OBJC_MSGSEND = YES;
				ENABLE_TESTABILITY = YES;
				GCC_C_LANGUAGE_STANDARD = gnu11;
				GCC_DYNAMIC_NO_PIC = NO;
				GCC_NO_COMMON_BLOCKS = YES;
				GCC_OPTIMIZATION_LEVEL = 0;
				GCC_PREPROCESSOR_DEFINITIONS = (
					"DEBUG=1",
					"$(inherited)",
				);
				GCC_WARN_64_TO_32_BIT_CONVERSION = YES;
				GCC_WARN_ABOUT_RETURN_TYPE = YES_ERROR;
				GCC_WARN_UNDECLARED_SELECTOR = YES;
				GCC_WARN_UNINITIALIZED_AUTOS = YES_AGGRESSIVE;
				GCC_WARN_UNUSED_FUNCTION = YES;
				GCC_WARN_UNUSED_VARIABLE = YES;
				IPHONEOS_DEPLOYMENT_TARGET = 15.4;
				MTL_ENABLE_DEBUG_INFO = INCLUDE_SOURCE;
				MTL_FAST_MATH = YES;
				ONLY_ACTIVE_ARCH = YES;
				SDKROOT = iphoneos;
				SWIFT_ACTIVE_COMPILATION_CONDITIONS = DEBUG;
				SWIFT_OPTIMIZATION_LEVEL = "-Onone";
			};
			name = Debug;
		};
		4E2F40232818168200701868 /* Release */ = {
			isa = XCBuildConfiguration;
			buildSettings = {
				ALWAYS_SEARCH_USER_PATHS = NO;
				CLANG_ANALYZER_NONNULL = YES;
				CLANG_ANALYZER_NUMBER_OBJECT_CONVERSION = YES_AGGRESSIVE;
				CLANG_CXX_LANGUAGE_STANDARD = "gnu++17";
				CLANG_ENABLE_MODULES = YES;
				CLANG_ENABLE_OBJC_ARC = YES;
				CLANG_ENABLE_OBJC_WEAK = YES;
				CLANG_WARN_BLOCK_CAPTURE_AUTORELEASING = YES;
				CLANG_WARN_BOOL_CONVERSION = YES;
				CLANG_WARN_COMMA = YES;
				CLANG_WARN_CONSTANT_CONVERSION = YES;
				CLANG_WARN_DEPRECATED_OBJC_IMPLEMENTATIONS = YES;
				CLANG_WARN_DIRECT_OBJC_ISA_USAGE = YES_ERROR;
				CLANG_WARN_DOCUMENTATION_COMMENTS = YES;
				CLANG_WARN_EMPTY_BODY = YES;
				CLANG_WARN_ENUM_CONVERSION = YES;
				CLANG_WARN_INFINITE_RECURSION = YES;
				CLANG_WARN_INT_CONVERSION = YES;
				CLANG_WARN_NON_LITERAL_NULL_CONVERSION = YES;
				CLANG_WARN_OBJC_IMPLICIT_RETAIN_SELF = YES;
				CLANG_WARN_OBJC_LITERAL_CONVERSION = YES;
				CLANG_WARN_OBJC_ROOT_CLASS = YES_ERROR;
				CLANG_WARN_QUOTED_INCLUDE_IN_FRAMEWORK_HEADER = YES;
				CLANG_WARN_RANGE_LOOP_ANALYSIS = YES;
				CLANG_WARN_STRICT_PROTOTYPES = YES;
				CLANG_WARN_SUSPICIOUS_MOVE = YES;
				CLANG_WARN_UNGUARDED_AVAILABILITY = YES_AGGRESSIVE;
				CLANG_WARN_UNREACHABLE_CODE = YES;
				CLANG_WARN__DUPLICATE_METHOD_MATCH = YES;
				COPY_PHASE_STRIP = NO;
				DEBUG_INFORMATION_FORMAT = "dwarf-with-dsym";
				ENABLE_NS_ASSERTIONS = NO;
				ENABLE_STRICT_OBJC_MSGSEND = YES;
				GCC_C_LANGUAGE_STANDARD = gnu11;
				GCC_NO_COMMON_BLOCKS = YES;
				GCC_WARN_64_TO_32_BIT_CONVERSION = YES;
				GCC_WARN_ABOUT_RETURN_TYPE = YES_ERROR;
				GCC_WARN_UNDECLARED_SELECTOR = YES;
				GCC_WARN_UNINITIALIZED_AUTOS = YES_AGGRESSIVE;
				GCC_WARN_UNUSED_FUNCTION = YES;
				GCC_WARN_UNUSED_VARIABLE = YES;
				IPHONEOS_DEPLOYMENT_TARGET = 15.4;
				MTL_ENABLE_DEBUG_INFO = NO;
				MTL_FAST_MATH = YES;
				SDKROOT = iphoneos;
				SWIFT_COMPILATION_MODE = wholemodule;
				SWIFT_OPTIMIZATION_LEVEL = "-O";
				VALIDATE_PRODUCT = YES;
			};
			name = Release;
		};
		4E2F40252818168200701868 /* Debug */ = {
			isa = XCBuildConfiguration;
			buildSettings = {
				ASSETCATALOG_COMPILER_APPICON_NAME = AppIcon;
				ASSETCATALOG_COMPILER_GLOBAL_ACCENT_COLOR_NAME = AccentColor;
				CODE_SIGN_STYLE = Automatic;
				CURRENT_PROJECT_VERSION = 1;
				DEVELOPMENT_ASSET_PATHS = "\"Twitter Clone/Preview Content\"";
				DEVELOPMENT_TEAM = MKBJJ592GQ;
				ENABLE_PREVIEWS = YES;
				GENERATE_INFOPLIST_FILE = YES;
				INFOPLIST_KEY_UIApplicationSceneManifest_Generation = YES;
				INFOPLIST_KEY_UIApplicationSupportsIndirectInputEvents = YES;
				INFOPLIST_KEY_UILaunchScreen_Generation = YES;
				INFOPLIST_KEY_UISupportedInterfaceOrientations_iPad = "UIInterfaceOrientationPortrait UIInterfaceOrientationPortraitUpsideDown UIInterfaceOrientationLandscapeLeft UIInterfaceOrientationLandscapeRight";
				INFOPLIST_KEY_UISupportedInterfaceOrientations_iPhone = "UIInterfaceOrientationPortrait UIInterfaceOrientationLandscapeLeft UIInterfaceOrientationLandscapeRight";
				LD_RUNPATH_SEARCH_PATHS = (
					"$(inherited)",
					"@executable_path/Frameworks",
				);
				MARKETING_VERSION = 1.0;
				PRODUCT_BUNDLE_IDENTIFIER = "tech.mundus.Twitter-Clone";
				PRODUCT_NAME = "$(TARGET_NAME)";
				SWIFT_EMIT_LOC_STRINGS = YES;
				SWIFT_VERSION = 5.0;
				TARGETED_DEVICE_FAMILY = "1,2";
			};
			name = Debug;
		};
		4E2F40262818168200701868 /* Release */ = {
			isa = XCBuildConfiguration;
			buildSettings = {
				ASSETCATALOG_COMPILER_APPICON_NAME = AppIcon;
				ASSETCATALOG_COMPILER_GLOBAL_ACCENT_COLOR_NAME = AccentColor;
				CODE_SIGN_STYLE = Automatic;
				CURRENT_PROJECT_VERSION = 1;
				DEVELOPMENT_ASSET_PATHS = "\"Twitter Clone/Preview Content\"";
				DEVELOPMENT_TEAM = MKBJJ592GQ;
				ENABLE_PREVIEWS = YES;
				GENERATE_INFOPLIST_FILE = YES;
				INFOPLIST_KEY_UIApplicationSceneManifest_Generation = YES;
				INFOPLIST_KEY_UIApplicationSupportsIndirectInputEvents = YES;
				INFOPLIST_KEY_UILaunchScreen_Generation = YES;
				INFOPLIST_KEY_UISupportedInterfaceOrientations_iPad = "UIInterfaceOrientationPortrait UIInterfaceOrientationPortraitUpsideDown UIInterfaceOrientationLandscapeLeft UIInterfaceOrientationLandscapeRight";
				INFOPLIST_KEY_UISupportedInterfaceOrientations_iPhone = "UIInterfaceOrientationPortrait UIInterfaceOrientationLandscapeLeft UIInterfaceOrientationLandscapeRight";
				LD_RUNPATH_SEARCH_PATHS = (
					"$(inherited)",
					"@executable_path/Frameworks",
				);
				MARKETING_VERSION = 1.0;
				PRODUCT_BUNDLE_IDENTIFIER = "tech.mundus.Twitter-Clone";
				PRODUCT_NAME = "$(TARGET_NAME)";
				SWIFT_EMIT_LOC_STRINGS = YES;
				SWIFT_VERSION = 5.0;
				TARGETED_DEVICE_FAMILY = "1,2";
			};
			name = Release;
		};
/* End XCBuildConfiguration section */

/* Begin XCConfigurationList section */
		4E2F40112818168000701868 /* Build configuration list for PBXProject "Twitter Clone" */ = {
			isa = XCConfigurationList;
			buildConfigurations = (
				4E2F40222818168200701868 /* Debug */,
				4E2F40232818168200701868 /* Release */,
			);
			defaultConfigurationIsVisible = 0;
			defaultConfigurationName = Release;
		};
		4E2F40242818168200701868 /* Build configuration list for PBXNativeTarget "Twitter Clone" */ = {
			isa = XCConfigurationList;
			buildConfigurations = (
				4E2F40252818168200701868 /* Debug */,
				4E2F40262818168200701868 /* Release */,
			);
			defaultConfigurationIsVisible = 0;
			defaultConfigurationName = Release;
		};
/* End XCConfigurationList section */
	};
	rootObject = 4E2F400E2818168000701868 /* Project object */;
}
